// !$*UTF8*$!
{
	archiveVersion = 1;
	classes = {
	};
	objectVersion = 56;
	objects = {

/* Begin PBXBuildFile section */
		A10000000000000000000001 /* UniversalControllerMacApp.swift in Sources */ = {isa = PBXBuildFile; fileRef = B10000000000000000000001 /* UniversalControllerMacApp.swift */; };
		A10000000000000000000002 /* UniversalControllerPhoneApp.swift in Sources */ = {isa = PBXBuildFile; fileRef = B10000000000000000000002 /* UniversalControllerPhoneApp.swift */; };
		A10000000000000000000003 /* ContentView.swift in Sources */ = {isa = PBXBuildFile; fileRef = B10000000000000000000003 /* ContentView.swift */; };
		A10000000000000000000004 /* AppContextMonitor.swift in Sources */ = {isa = PBXBuildFile; fileRef = B10000000000000000000006 /* AppContextMonitor.swift */; };
		A10000000000000000000005 /* OverlayPanelController.swift in Sources */ = {isa = PBXBuildFile; fileRef = B10000000000000000000007 /* OverlayPanelController.swift */; };
		A10000000000000000000006 /* MacOverlayView.swift in Sources */ = {isa = PBXBuildFile; fileRef = B10000000000000000000008 /* MacOverlayView.swift */; };
		A10000000000000000000007 /* MacActionExecutor.swift in Sources */ = {isa = PBXBuildFile; fileRef = B10000000000000000000009 /* MacActionExecutor.swift */; };
		A10000000000000000000008 /* PairingProtocol.swift in Sources */ = {isa = PBXBuildFile; fileRef = B10000000000000000000010 /* PairingProtocol.swift */; };
		A10000000000000000000009 /* FramedConnection.swift in Sources */ = {isa = PBXBuildFile; fileRef = B10000000000000000000011 /* FramedConnection.swift */; };
		A1000000000000000000000A /* PairingProtocol.swift in Sources */ = {isa = PBXBuildFile; fileRef = B10000000000000000000010 /* PairingProtocol.swift */; };
		A1000000000000000000000B /* FramedConnection.swift in Sources */ = {isa = PBXBuildFile; fileRef = B10000000000000000000011 /* FramedConnection.swift */; };
		A1000000000000000000000C /* PairingSessionHost.swift in Sources */ = {isa = PBXBuildFile; fileRef = B10000000000000000000012 /* PairingSessionHost.swift */; };
		A1000000000000000000000D /* PairingQRCodeView.swift in Sources */ = {isa = PBXBuildFile; fileRef = B10000000000000000000013 /* PairingQRCodeView.swift */; };
		A1000000000000000000000E /* PairingClient.swift in Sources */ = {isa = PBXBuildFile; fileRef = B10000000000000000000014 /* PairingClient.swift */; };
		A1000000000000000000000F /* QRCodeScannerView.swift in Sources */ = {isa = PBXBuildFile; fileRef = B10000000000000000000015 /* QRCodeScannerView.swift */; };
		A10000000000000000000010 /* ControllerSchema.swift in Sources */ = {isa = PBXBuildFile; fileRef = B10000000000000000000019 /* ControllerSchema.swift */; };
		A10000000000000000000011 /* SchemaValidator.swift in Sources */ = {isa = PBXBuildFile; fileRef = B1000000000000000000001A /* SchemaValidator.swift */; };
		A10000000000000000000012 /* ControllerSchema.swift in Sources */ = {isa = PBXBuildFile; fileRef = B10000000000000000000019 /* ControllerSchema.swift */; };
		A10000000000000000000013 /* SchemaValidator.swift in Sources */ = {isa = PBXBuildFile; fileRef = B1000000000000000000001A /* SchemaValidator.swift */; };
		A10000000000000000000014 /* ControllerActionRouter.swift in Sources */ = {isa = PBXBuildFile; fileRef = B1000000000000000000001B /* ControllerActionRouter.swift */; };
		A10000000000000000000015 /* ControllerRendererView.swift in Sources */ = {isa = PBXBuildFile; fileRef = B1000000000000000000001C /* ControllerRendererView.swift */; };
		A10000000000000000000016 /* OpenAIControllerGenerator.swift in Sources */ = {isa = PBXBuildFile; fileRef = B1000000000000000000001D /* OpenAIControllerGenerator.swift */; };
		A10000000000000000000017 /* TargetWindowScreenshot.swift in Sources */ = {isa = PBXBuildFile; fileRef = B1000000000000000000001E /* TargetWindowScreenshot.swift */; };
		A10000000000000000000018 /* ControlArtwork.swift in Sources */ = {isa = PBXBuildFile; fileRef = B1000000000000000000001F /* ControlArtwork.swift */; };
		A10000000000000000000019 /* ControlArtwork.swift in Sources */ = {isa = PBXBuildFile; fileRef = B1000000000000000000001F /* ControlArtwork.swift */; };
		A1000000000000000000001A /* ControllerSessionPack.swift in Sources */ = {isa = PBXBuildFile; fileRef = B10000000000000000000020 /* ControllerSessionPack.swift */; };
		A1000000000000000000001B /* ControllerSessionPack.swift in Sources */ = {isa = PBXBuildFile; fileRef = B10000000000000000000020 /* ControllerSessionPack.swift */; };
		A1000000000000000000001C /* AppIcons.xcassets in Resources */ = {isa = PBXBuildFile; fileRef = B10000000000000000000021 /* AppIcons.xcassets */; };
		A1000000000000000000001D /* AppIcons.xcassets in Resources */ = {isa = PBXBuildFile; fileRef = B10000000000000000000021 /* AppIcons.xcassets */; };
/* End PBXBuildFile section */

/* Begin PBXFileReference section */
		B10000000000000000000001 /* UniversalControllerMacApp.swift */ = {isa = PBXFileReference; lastKnownFileType = sourcecode.swift; path = UniversalControllerMacApp.swift; sourceTree = "<group>"; };
		B10000000000000000000002 /* UniversalControllerPhoneApp.swift */ = {isa = PBXFileReference; lastKnownFileType = sourcecode.swift; path = UniversalControllerPhoneApp.swift; sourceTree = "<group>"; };
		B10000000000000000000003 /* ContentView.swift */ = {isa = PBXFileReference; lastKnownFileType = sourcecode.swift; path = ContentView.swift; sourceTree = "<group>"; };
		B10000000000000000000004 /* UniversalControllerMac.app */ = {isa = PBXFileReference; explicitFileType = wrapper.application; includeInIndex = 0; path = UniversalControllerMac.app; sourceTree = BUILT_PRODUCTS_DIR; };
		B10000000000000000000005 /* UniversalControllerPhone.app */ = {isa = PBXFileReference; explicitFileType = wrapper.application; includeInIndex = 0; path = UniversalControllerPhone.app; sourceTree = BUILT_PRODUCTS_DIR; };
		B10000000000000000000006 /* AppContextMonitor.swift */ = {isa = PBXFileReference; lastKnownFileType = sourcecode.swift; path = AppContextMonitor.swift; sourceTree = "<group>"; };
		B10000000000000000000007 /* OverlayPanelController.swift */ = {isa = PBXFileReference; lastKnownFileType = sourcecode.swift; path = OverlayPanelController.swift; sourceTree = "<group>"; };
		B10000000000000000000008 /* MacOverlayView.swift */ = {isa = PBXFileReference; lastKnownFileType = sourcecode.swift; path = MacOverlayView.swift; sourceTree = "<group>"; };
		B10000000000000000000009 /* MacActionExecutor.swift */ = {isa = PBXFileReference; lastKnownFileType = sourcecode.swift; path = MacActionExecutor.swift; sourceTree = "<group>"; };
		B10000000000000000000010 /* PairingProtocol.swift */ = {isa = PBXFileReference; lastKnownFileType = sourcecode.swift; path = PairingProtocol.swift; sourceTree = "<group>"; };
		B10000000000000000000011 /* FramedConnection.swift */ = {isa = PBXFileReference; lastKnownFileType = sourcecode.swift; path = FramedConnection.swift; sourceTree = "<group>"; };
		B10000000000000000000012 /* PairingSessionHost.swift */ = {isa = PBXFileReference; lastKnownFileType = sourcecode.swift; path = PairingSessionHost.swift; sourceTree = "<group>"; };
		B10000000000000000000013 /* PairingQRCodeView.swift */ = {isa = PBXFileReference; lastKnownFileType = sourcecode.swift; path = PairingQRCodeView.swift; sourceTree = "<group>"; };
		B10000000000000000000014 /* PairingClient.swift */ = {isa = PBXFileReference; lastKnownFileType = sourcecode.swift; path = PairingClient.swift; sourceTree = "<group>"; };
		B10000000000000000000015 /* QRCodeScannerView.swift */ = {isa = PBXFileReference; lastKnownFileType = sourcecode.swift; path = QRCodeScannerView.swift; sourceTree = "<group>"; };
		B10000000000000000000016 /* Info.plist */ = {isa = PBXFileReference; lastKnownFileType = text.plist.xml; path = Info.plist; sourceTree = "<group>"; };
		B10000000000000000000017 /* Info.plist */ = {isa = PBXFileReference; lastKnownFileType = text.plist.xml; path = Info.plist; sourceTree = "<group>"; };
		B10000000000000000000018 /* SharedSigning.xcconfig */ = {isa = PBXFileReference; lastKnownFileType = text.xcconfig; path = SharedSigning.xcconfig; sourceTree = "<group>"; };
		B10000000000000000000019 /* ControllerSchema.swift */ = {isa = PBXFileReference; lastKnownFileType = sourcecode.swift; path = ControllerSchema.swift; sourceTree = "<group>"; };
		B1000000000000000000001A /* SchemaValidator.swift */ = {isa = PBXFileReference; lastKnownFileType = sourcecode.swift; path = SchemaValidator.swift; sourceTree = "<group>"; };
		B1000000000000000000001B /* ControllerActionRouter.swift */ = {isa = PBXFileReference; lastKnownFileType = sourcecode.swift; path = ControllerActionRouter.swift; sourceTree = "<group>"; };
		B1000000000000000000001C /* ControllerRendererView.swift */ = {isa = PBXFileReference; lastKnownFileType = sourcecode.swift; path = ControllerRendererView.swift; sourceTree = "<group>"; };
		B1000000000000000000001D /* OpenAIControllerGenerator.swift */ = {isa = PBXFileReference; lastKnownFileType = sourcecode.swift; path = OpenAIControllerGenerator.swift; sourceTree = "<group>"; };
		B1000000000000000000001E /* TargetWindowScreenshot.swift */ = {isa = PBXFileReference; lastKnownFileType = sourcecode.swift; path = TargetWindowScreenshot.swift; sourceTree = "<group>"; };
		B1000000000000000000001F /* ControlArtwork.swift */ = {isa = PBXFileReference; lastKnownFileType = sourcecode.swift; path = ControlArtwork.swift; sourceTree = "<group>"; };
		B10000000000000000000020 /* ControllerSessionPack.swift */ = {isa = PBXFileReference; lastKnownFileType = sourcecode.swift; path = ControllerSessionPack.swift; sourceTree = "<group>"; };
		B10000000000000000000021 /* AppIcons.xcassets */ = {isa = PBXFileReference; lastKnownFileType = folder.assetcatalog; path = AppIcons.xcassets; sourceTree = "<group>"; };
/* End PBXFileReference section */

/* Begin PBXFrameworksBuildPhase section */
		D10000000000000000000002 /* Frameworks */ = {
			isa = PBXFrameworksBuildPhase;
			buildActionMask = 2147483647;
			files = (
			);
			runOnlyForDeploymentPostprocessing = 0;
		};
		D10000000000000000000005 /* Frameworks */ = {
			isa = PBXFrameworksBuildPhase;
			buildActionMask = 2147483647;
			files = (
			);
			runOnlyForDeploymentPostprocessing = 0;
		};
/* End PBXFrameworksBuildPhase section */

/* Begin PBXGroup section */
		C10000000000000000000001 = {
			isa = PBXGroup;
			children = (
				C10000000000000000000002 /* Apps */,
				C10000000000000000000006 /* Shared */,
				B10000000000000000000018 /* SharedSigning.xcconfig */,
				C10000000000000000000005 /* Products */,
			);
			sourceTree = "<group>";
		};
		C10000000000000000000002 /* Apps */ = {
			isa = PBXGroup;
			children = (
				C10000000000000000000003 /* UniversalControllerMac */,
				C10000000000000000000004 /* UniversalControllerPhone */,
				B10000000000000000000021 /* AppIcons.xcassets */,
			);
			path = Apps;
			sourceTree = "<group>";
		};
		C10000000000000000000003 /* UniversalControllerMac */ = {
			isa = PBXGroup;
			children = (
				B10000000000000000000001 /* UniversalControllerMacApp.swift */,
				B10000000000000000000006 /* AppContextMonitor.swift */,
				B10000000000000000000007 /* OverlayPanelController.swift */,
				B10000000000000000000008 /* MacOverlayView.swift */,
				B10000000000000000000009 /* MacActionExecutor.swift */,
				B10000000000000000000012 /* PairingSessionHost.swift */,
				B10000000000000000000013 /* PairingQRCodeView.swift */,
				B1000000000000000000001B /* ControllerActionRouter.swift */,
				B1000000000000000000001D /* OpenAIControllerGenerator.swift */,
				B1000000000000000000001E /* TargetWindowScreenshot.swift */,
				B10000000000000000000016 /* Info.plist */,
			);
			path = UniversalControllerMac;
			sourceTree = "<group>";
		};
		C10000000000000000000004 /* UniversalControllerPhone */ = {
			isa = PBXGroup;
			children = (
				B10000000000000000000003 /* ContentView.swift */,
				B10000000000000000000002 /* UniversalControllerPhoneApp.swift */,
				B10000000000000000000014 /* PairingClient.swift */,
				B10000000000000000000015 /* QRCodeScannerView.swift */,
				B1000000000000000000001C /* ControllerRendererView.swift */,
				B10000000000000000000017 /* Info.plist */,
			);
			path = UniversalControllerPhone;
			sourceTree = "<group>";
		};
		C10000000000000000000005 /* Products */ = {
			isa = PBXGroup;
			children = (
				B10000000000000000000004 /* UniversalControllerMac.app */,
				B10000000000000000000005 /* UniversalControllerPhone.app */,
			);
			name = Products;
			sourceTree = "<group>";
		};
		C10000000000000000000006 /* Shared */ = {
			isa = PBXGroup;
			children = (
				B10000000000000000000019 /* ControllerSchema.swift */,
				B1000000000000000000001A /* SchemaValidator.swift */,
				B1000000000000000000001F /* ControlArtwork.swift */,
				B10000000000000000000020 /* ControllerSessionPack.swift */,
				B10000000000000000000010 /* PairingProtocol.swift */,
				B10000000000000000000011 /* FramedConnection.swift */,
			);
			path = Shared;
			sourceTree = "<group>";
		};
/* End PBXGroup section */

/* Begin PBXNativeTarget section */
		E10000000000000000000001 /* UniversalControllerMac */ = {
			isa = PBXNativeTarget;
			buildConfigurationList = H10000000000000000000002 /* Build configuration list for PBXNativeTarget "UniversalControllerMac" */;
			buildPhases = (
				D10000000000000000000001 /* Sources */,
				D10000000000000000000002 /* Frameworks */,
				D10000000000000000000003 /* Resources */,
			);
			buildRules = (
			);
			dependencies = (
			);
			name = UniversalControllerMac;
			productName = UniversalControllerMac;
			productReference = B10000000000000000000004 /* UniversalControllerMac.app */;
			productType = "com.apple.product-type.application";
		};
		E10000000000000000000002 /* UniversalControllerPhone */ = {
			isa = PBXNativeTarget;
			buildConfigurationList = H10000000000000000000003 /* Build configuration list for PBXNativeTarget "UniversalControllerPhone" */;
			buildPhases = (
				D10000000000000000000004 /* Sources */,
				D10000000000000000000005 /* Frameworks */,
				D10000000000000000000006 /* Resources */,
			);
			buildRules = (
			);
			dependencies = (
			);
			name = UniversalControllerPhone;
			productName = UniversalControllerPhone;
			productReference = B10000000000000000000005 /* UniversalControllerPhone.app */;
			productType = "com.apple.product-type.application";
		};
/* End PBXNativeTarget section */

/* Begin PBXProject section */
		F10000000000000000000001 /* Project object */ = {
			isa = PBXProject;
			attributes = {
				BuildIndependentTargetsInParallel = 1;
				LastSwiftUpdateCheck = 1600;
				LastUpgradeCheck = 1600;
				TargetAttributes = {
					E10000000000000000000001 = {
						CreatedOnToolsVersion = 16.0;
					};
					E10000000000000000000002 = {
						CreatedOnToolsVersion = 16.0;
					};
				};
			};
			buildConfigurationList = H10000000000000000000001 /* Build configuration list for PBXProject "UniversalController" */;
			compatibilityVersion = "Xcode 14.0";
			developmentRegion = en;
			hasScannedForEncodings = 0;
			knownRegions = (
				en,
				Base,
			);
			mainGroup = C10000000000000000000001;
			productRefGroup = C10000000000000000000005 /* Products */;
			projectDirPath = "";
			projectRoot = "";
			targets = (
				E10000000000000000000001 /* UniversalControllerMac */,
				E10000000000000000000002 /* UniversalControllerPhone */,
			);
		};
/* End PBXProject section */

/* Begin PBXResourcesBuildPhase section */
		D10000000000000000000003 /* Resources */ = {
			isa = PBXResourcesBuildPhase;
			buildActionMask = 2147483647;
			files = (
				A1000000000000000000001C /* AppIcons.xcassets in Resources */,
			);
			runOnlyForDeploymentPostprocessing = 0;
		};
		D10000000000000000000006 /* Resources */ = {
			isa = PBXResourcesBuildPhase;
			buildActionMask = 2147483647;
			files = (
				A1000000000000000000001D /* AppIcons.xcassets in Resources */,
			);
			runOnlyForDeploymentPostprocessing = 0;
		};
/* End PBXResourcesBuildPhase section */

/* Begin PBXSourcesBuildPhase section */
		D10000000000000000000001 /* Sources */ = {
			isa = PBXSourcesBuildPhase;
			buildActionMask = 2147483647;
			files = (
				A10000000000000000000001 /* UniversalControllerMacApp.swift in Sources */,
				A10000000000000000000004 /* AppContextMonitor.swift in Sources */,
				A10000000000000000000005 /* OverlayPanelController.swift in Sources */,
				A10000000000000000000006 /* MacOverlayView.swift in Sources */,
				A10000000000000000000007 /* MacActionExecutor.swift in Sources */,
				A10000000000000000000008 /* PairingProtocol.swift in Sources */,
				A10000000000000000000009 /* FramedConnection.swift in Sources */,
				A1000000000000000000000C /* PairingSessionHost.swift in Sources */,
				A1000000000000000000000D /* PairingQRCodeView.swift in Sources */,
				A10000000000000000000010 /* ControllerSchema.swift in Sources */,
				A10000000000000000000011 /* SchemaValidator.swift in Sources */,
				A10000000000000000000018 /* ControlArtwork.swift in Sources */,
				A1000000000000000000001A /* ControllerSessionPack.swift in Sources */,
				A10000000000000000000014 /* ControllerActionRouter.swift in Sources */,
				A10000000000000000000016 /* OpenAIControllerGenerator.swift in Sources */,
				A10000000000000000000017 /* TargetWindowScreenshot.swift in Sources */,
			);
			runOnlyForDeploymentPostprocessing = 0;
		};
		D10000000000000000000004 /* Sources */ = {
			isa = PBXSourcesBuildPhase;
			buildActionMask = 2147483647;
			files = (
				A10000000000000000000003 /* ContentView.swift in Sources */,
				A10000000000000000000002 /* UniversalControllerPhoneApp.swift in Sources */,
				A1000000000000000000000A /* PairingProtocol.swift in Sources */,
				A1000000000000000000000B /* FramedConnection.swift in Sources */,
				A1000000000000000000000E /* PairingClient.swift in Sources */,
				A1000000000000000000000F /* QRCodeScannerView.swift in Sources */,
				A10000000000000000000012 /* ControllerSchema.swift in Sources */,
				A10000000000000000000013 /* SchemaValidator.swift in Sources */,
				A10000000000000000000019 /* ControlArtwork.swift in Sources */,
				A1000000000000000000001B /* ControllerSessionPack.swift in Sources */,
				A10000000000000000000015 /* ControllerRendererView.swift in Sources */,
			);
			runOnlyForDeploymentPostprocessing = 0;
		};
/* End PBXSourcesBuildPhase section */

/* Begin XCBuildConfiguration section */
		G10000000000000000000001 /* Debug */ = {
			isa = XCBuildConfiguration;
			buildSettings = {
				ALWAYS_SEARCH_USER_PATHS = NO;
				CLANG_ENABLE_MODULES = YES;
				CLANG_ENABLE_OBJC_ARC = YES;
				COPY_PHASE_STRIP = NO;
				DEBUG_INFORMATION_FORMAT = dwarf;
				ENABLE_TESTABILITY = YES;
				GCC_C_LANGUAGE_STANDARD = gnu17;
				GCC_OPTIMIZATION_LEVEL = 0;
				GCC_PREPROCESSOR_DEFINITIONS = (
					"DEBUG=1",
					"$(inherited)",
				);
				MTL_ENABLE_DEBUG_INFO = INCLUDE_SOURCE;
				ONLY_ACTIVE_ARCH = YES;
				SWIFT_ACTIVE_COMPILATION_CONDITIONS = DEBUG;
				SWIFT_OPTIMIZATION_LEVEL = "-Onone";
			};
			name = Debug;
		};
		G10000000000000000000002 /* Release */ = {
			isa = XCBuildConfiguration;
			buildSettings = {
				ALWAYS_SEARCH_USER_PATHS = NO;
				CLANG_ENABLE_MODULES = YES;
				CLANG_ENABLE_OBJC_ARC = YES;
				COPY_PHASE_STRIP = NO;
				DEBUG_INFORMATION_FORMAT = "dwarf-with-dsym";
				ENABLE_NS_ASSERTIONS = NO;
				GCC_C_LANGUAGE_STANDARD = gnu17;
				MTL_ENABLE_DEBUG_INFO = NO;
				SWIFT_COMPILATION_MODE = wholemodule;
			};
			name = Release;
		};
		G10000000000000000000003 /* Debug */ = {
			isa = XCBuildConfiguration;
			baseConfigurationReference = B10000000000000000000018 /* SharedSigning.xcconfig */;
			buildSettings = {
				ASSETCATALOG_COMPILER_APPICON_NAME = AppIconMac;
				CODE_SIGN_STYLE = Automatic;
				CURRENT_PROJECT_VERSION = 1;
				ENABLE_APP_SANDBOX = NO;
				ENABLE_HARDENED_RUNTIME = YES;
				ENABLE_PREVIEWS = YES;
				GENERATE_INFOPLIST_FILE = YES;
				INFOPLIST_FILE = Apps/UniversalControllerMac/Info.plist;
				INFOPLIST_KEY_CFBundleDisplayName = aiClicker;
				INFOPLIST_KEY_LSApplicationCategoryType = "public.app-category.utilities";
				INFOPLIST_KEY_LSUIElement = YES;
				LD_RUNPATH_SEARCH_PATHS = (
					"$(inherited)",
					"@executable_path/../Frameworks",
				);
				MACOSX_DEPLOYMENT_TARGET = 15.0;
				MARKETING_VERSION = 1.0;
				PRODUCT_BUNDLE_IDENTIFIER = dev.universalcontroller.mac;
				PRODUCT_NAME = "$(TARGET_NAME)";
				SDKROOT = macosx;
				SUPPORTED_PLATFORMS = macosx;
				SWIFT_DEFAULT_ACTOR_ISOLATION = MainActor;
				SWIFT_EMIT_LOC_STRINGS = YES;
				SWIFT_STRICT_CONCURRENCY = complete;
				SWIFT_VERSION = 6.0;
			};
			name = Debug;
		};
		G10000000000000000000004 /* Release */ = {
			isa = XCBuildConfiguration;
			baseConfigurationReference = B10000000000000000000018 /* SharedSigning.xcconfig */;
			buildSettings = {
				ASSETCATALOG_COMPILER_APPICON_NAME = AppIconMac;
				CODE_SIGN_STYLE = Automatic;
				CURRENT_PROJECT_VERSION = 1;
				ENABLE_APP_SANDBOX = NO;
				ENABLE_HARDENED_RUNTIME = YES;
				ENABLE_PREVIEWS = YES;
				GENERATE_INFOPLIST_FILE = YES;
				INFOPLIST_FILE = Apps/UniversalControllerMac/Info.plist;
				INFOPLIST_KEY_CFBundleDisplayName = aiClicker;
				INFOPLIST_KEY_LSApplicationCategoryType = "public.app-category.utilities";
				INFOPLIST_KEY_LSUIElement = YES;
				LD_RUNPATH_SEARCH_PATHS = (
					"$(inherited)",
					"@executable_path/../Frameworks",
				);
				MACOSX_DEPLOYMENT_TARGET = 15.0;
				MARKETING_VERSION = 1.0;
				PRODUCT_BUNDLE_IDENTIFIER = dev.universalcontroller.mac;
				PRODUCT_NAME = "$(TARGET_NAME)";
				SDKROOT = macosx;
				SUPPORTED_PLATFORMS = macosx;
				SWIFT_DEFAULT_ACTOR_ISOLATION = MainActor;
				SWIFT_EMIT_LOC_STRINGS = YES;
				SWIFT_STRICT_CONCURRENCY = complete;
				SWIFT_VERSION = 6.0;
			};
			name = Release;
		};
		G10000000000000000000005 /* Debug */ = {
			isa = XCBuildConfiguration;
			baseConfigurationReference = B10000000000000000000018 /* SharedSigning.xcconfig */;
			buildSettings = {
				ASSETCATALOG_COMPILER_APPICON_NAME = AppIconPhone;
				CODE_SIGN_STYLE = Automatic;
				CURRENT_PROJECT_VERSION = 1;
				DEVELOPMENT_TEAM = 9WYVA5AT3T;
				ENABLE_PREVIEWS = YES;
				GENERATE_INFOPLIST_FILE = YES;
				INFOPLIST_FILE = Apps/UniversalControllerPhone/Info.plist;
				INFOPLIST_KEY_CFBundleDisplayName = aiClicker;
				INFOPLIST_KEY_NSCameraUsageDescription = "Scan the pairing QR code displayed by aiClicker on your Mac.";
				INFOPLIST_KEY_NSLocalNetworkUsageDescription = "Connect directly to your Mac and send controller input.";
				INFOPLIST_KEY_NSMotionUsageDescription = "Use phone tilt as controller input when you enable it.";
				INFOPLIST_KEY_UIApplicationSceneManifest_Generation = YES;
				INFOPLIST_KEY_UILaunchScreen_Generation = YES;
				INFOPLIST_KEY_UISupportedInterfaceOrientations = "UIInterfaceOrientationPortrait UIInterfaceOrientationLandscapeLeft UIInterfaceOrientationLandscapeRight";
				IPHONEOS_DEPLOYMENT_TARGET = 18.0;
				LD_RUNPATH_SEARCH_PATHS = (
					"$(inherited)",
					"@executable_path/Frameworks",
				);
				MARKETING_VERSION = 1.0;
				PRODUCT_BUNDLE_IDENTIFIER = "$(PHONE_BUNDLE_IDENTIFIER)";
				PRODUCT_NAME = "$(TARGET_NAME)";
				SDKROOT = iphoneos;
				SUPPORTED_PLATFORMS = "iphoneos iphonesimulator";
				SUPPORTS_MACCATALYST = NO;
				SWIFT_DEFAULT_ACTOR_ISOLATION = MainActor;
				SWIFT_EMIT_LOC_STRINGS = YES;
				SWIFT_STRICT_CONCURRENCY = complete;
				SWIFT_VERSION = 6.0;
				TARGETED_DEVICE_FAMILY = 1;
			};
			name = Debug;
		};
		G10000000000000000000006 /* Release */ = {
			isa = XCBuildConfiguration;
			baseConfigurationReference = B10000000000000000000018 /* SharedSigning.xcconfig */;
			buildSettings = {
				ASSETCATALOG_COMPILER_APPICON_NAME = AppIconPhone;
				CODE_SIGN_STYLE = Automatic;
				CURRENT_PROJECT_VERSION = 1;
				DEVELOPMENT_TEAM = 9WYVA5AT3T;
				ENABLE_PREVIEWS = YES;
				GENERATE_INFOPLIST_FILE = YES;
				INFOPLIST_FILE = Apps/UniversalControllerPhone/Info.plist;
				INFOPLIST_KEY_CFBundleDisplayName = aiClicker;
				INFOPLIST_KEY_NSCameraUsageDescription = "Scan the pairing QR code displayed by aiClicker on your Mac.";
				INFOPLIST_KEY_NSLocalNetworkUsageDescription = "Connect directly to your Mac and send controller input.";
				INFOPLIST_KEY_NSMotionUsageDescription = "Use phone tilt as controller input when you enable it.";
				INFOPLIST_KEY_UIApplicationSceneManifest_Generation = YES;
				INFOPLIST_KEY_UILaunchScreen_Generation = YES;
				INFOPLIST_KEY_UISupportedInterfaceOrientations = "UIInterfaceOrientationPortrait UIInterfaceOrientationLandscapeLeft UIInterfaceOrientationLandscapeRight";
				IPHONEOS_DEPLOYMENT_TARGET = 18.0;
				LD_RUNPATH_SEARCH_PATHS = (
					"$(inherited)",
					"@executable_path/Frameworks",
				);
				MARKETING_VERSION = 1.0;
				PRODUCT_BUNDLE_IDENTIFIER = "$(PHONE_BUNDLE_IDENTIFIER)";
				PRODUCT_NAME = "$(TARGET_NAME)";
				SDKROOT = iphoneos;
				SUPPORTED_PLATFORMS = "iphoneos iphonesimulator";
				SUPPORTS_MACCATALYST = NO;
				SWIFT_DEFAULT_ACTOR_ISOLATION = MainActor;
				SWIFT_EMIT_LOC_STRINGS = YES;
				SWIFT_STRICT_CONCURRENCY = complete;
				SWIFT_VERSION = 6.0;
				TARGETED_DEVICE_FAMILY = 1;
			};
			name = Release;
		};
/* End XCBuildConfiguration section */

/* Begin XCConfigurationList section */
		H10000000000000000000001 /* Build configuration list for PBXProject "UniversalController" */ = {
			isa = XCConfigurationList;
			buildConfigurations = (
				G10000000000000000000001 /* Debug */,
				G10000000000000000000002 /* Release */,
			);
			defaultConfigurationIsVisible = 0;
			defaultConfigurationName = Release;
		};
		H10000000000000000000002 /* Build configuration list for PBXNativeTarget "UniversalControllerMac" */ = {
			isa = XCConfigurationList;
			buildConfigurations = (
				G10000000000000000000003 /* Debug */,
				G10000000000000000000004 /* Release */,
			);
			defaultConfigurationIsVisible = 0;
			defaultConfigurationName = Release;
		};
		H10000000000000000000003 /* Build configuration list for PBXNativeTarget "UniversalControllerPhone" */ = {
			isa = XCConfigurationList;
			buildConfigurations = (
				G10000000000000000000005 /* Debug */,
				G10000000000000000000006 /* Release */,
			);
			defaultConfigurationIsVisible = 0;
			defaultConfigurationName = Release;
		};
/* End XCConfigurationList section */
	};
	rootObject = F10000000000000000000001 /* Project object */;
}
